// !$*UTF8*$!
{
	archiveVersion = 1;
	classes = {
	};
	objectVersion = 56;
	objects = {

/* Begin PBXBuildFile section */
		AB577B5F2B2046BF008A344B /* AppDelegate.swift in Sources */ = {isa = PBXBuildFile; fileRef = AB577B5E2B2046BF008A344B /* AppDelegate.swift */; };
		AB577B612B2046BF008A344B /* SceneDelegate.swift in Sources */ = {isa = PBXBuildFile; fileRef = AB577B602B2046BF008A344B /* SceneDelegate.swift */; };
		AB577B632B2046BF008A344B /* ViewController.swift in Sources */ = {isa = PBXBuildFile; fileRef = AB577B622B2046BF008A344B /* ViewController.swift */; };
		AB577B662B2046BF008A344B /* Main.storyboard in Resources */ = {isa = PBXBuildFile; fileRef = AB577B642B2046BF008A344B /* Main.storyboard */; };
		AB577B682B2046BF008A344B /* Assets.xcassets in Resources */ = {isa = PBXBuildFile; fileRef = AB577B672B2046BF008A344B /* Assets.xcassets */; };
		AB577B6B2B2046BF008A344B /* LaunchScreen.storyboard in Resources */ = {isa = PBXBuildFile; fileRef = AB577B692B2046BF008A344B /* LaunchScreen.storyboard */; };
		AB577B732B2046E8008A344B /* Emoiji.swift in Sources */ = {isa = PBXBuildFile; fileRef = AB577B722B2046E8008A344B /* Emoiji.swift */; };
		AB577B752B20491D008A344B /* EmoijiTableViewController.swift in Sources */ = {isa = PBXBuildFile; fileRef = AB577B742B20491D008A344B /* EmoijiTableViewController.swift */; };
		ABD2D15A2B2062820074743F /* EmojiTableViewCell.swift in Sources */ = {isa = PBXBuildFile; fileRef = ABD2D1592B2062820074743F /* EmojiTableViewCell.swift */; };
		ABD2D15C2B20722A0074743F /* AddEditEmojiTableViewController.swift in Sources */ = {isa = PBXBuildFile; fileRef = ABD2D15B2B20722A0074743F /* AddEditEmojiTableViewController.swift */; };
/* End PBXBuildFile section */

/* Begin PBXFileReference section */
		AB577B5B2B2046BF008A344B /* 05_TableView.app */ = {isa = PBXFileReference; explicitFileType = wrapper.application; includeInIndex = 0; path = 05_TableView.app; sourceTree = BUILT_PRODUCTS_DIR; };
		AB577B5E2B2046BF008A344B /* AppDelegate.swift */ = {isa = PBXFileReference; lastKnownFileType = sourcecode.swift; path = AppDelegate.swift; sourceTree = "<group>"; };
		AB577B602B2046BF008A344B /* SceneDelegate.swift */ = {isa = PBXFileReference; lastKnownFileType = sourcecode.swift; path = SceneDelegate.swift; sourceTree = "<group>"; };
		AB577B622B2046BF008A344B /* ViewController.swift */ = {isa = PBXFileReference; lastKnownFileType = sourcecode.swift; path = ViewController.swift; sourceTree = "<group>"; };
		AB577B652B2046BF008A344B /* Base */ = {isa = PBXFileReference; lastKnownFileType = file.storyboard; name = Base; path = Base.lproj/Main.storyboard; sourceTree = "<group>"; };
		AB577B672B2046BF008A344B /* Assets.xcassets */ = {isa = PBXFileReference; lastKnownFileType = folder.assetcatalog; path = Assets.xcassets; sourceTree = "<group>"; };
		AB577B6A2B2046BF008A344B /* Base */ = {isa = PBXFileReference; lastKnownFileType = file.storyboard; name = Base; path = Base.lproj/LaunchScreen.storyboard; sourceTree = "<group>"; };
		AB577B6C2B2046BF008A344B /* Info.plist */ = {isa = PBXFileReference; lastKnownFileType = text.plist.xml; path = Info.plist; sourceTree = "<group>"; };
		AB577B722B2046E8008A344B /* Emoiji.swift */ = {isa = PBXFileReference; lastKnownFileType = sourcecode.swift; path = Emoiji.swift; sourceTree = "<group>"; };
		AB577B742B20491D008A344B /* EmoijiTableViewController.swift */ = {isa = PBXFileReference; lastKnownFileType = sourcecode.swift; path = EmoijiTableViewController.swift; sourceTree = "<group>"; };
		ABD2D1592B2062820074743F /* EmojiTableViewCell.swift */ = {isa = PBXFileReference; lastKnownFileType = sourcecode.swift; path = EmojiTableViewCell.swift; sourceTree = "<group>"; };
		ABD2D15B2B20722A0074743F /* AddEditEmojiTableViewController.swift */ = {isa = PBXFileReference; lastKnownFileType = sourcecode.swift; path = AddEditEmojiTableViewController.swift; sourceTree = "<group>"; };
/* End PBXFileReference section */

/* Begin PBXFrameworksBuildPhase section */
		AB577B582B2046BF008A344B /* Frameworks */ = {
			isa = PBXFrameworksBuildPhase;
			buildActionMask = 2147483647;
			files = (
			);
			runOnlyForDeploymentPostprocessing = 0;
		};
/* End PBXFrameworksBuildPhase section */

/* Begin PBXGroup section */
		AB577B522B2046BF008A344B = {
			isa = PBXGroup;
			children = (
				AB577B5D2B2046BF008A344B /* 05_TableView */,
				AB577B5C2B2046BF008A344B /* Products */,
			);
			sourceTree = "<group>";
		};
		AB577B5C2B2046BF008A344B /* Products */ = {
			isa = PBXGroup;
			children = (
				AB577B5B2B2046BF008A344B /* 05_TableView.app */,
			);
			name = Products;
			sourceTree = "<group>";
		};
		AB577B5D2B2046BF008A344B /* 05_TableView */ = {
			isa = PBXGroup;
			children = (
				AB577B5E2B2046BF008A344B /* AppDelegate.swift */,
				AB577B602B2046BF008A344B /* SceneDelegate.swift */,
				AB577B622B2046BF008A344B /* ViewController.swift */,
				AB577B742B20491D008A344B /* EmoijiTableViewController.swift */,
				ABD2D15B2B20722A0074743F /* AddEditEmojiTableViewController.swift */,
				ABD2D1592B2062820074743F /* EmojiTableViewCell.swift */,
				AB577B722B2046E8008A344B /* Emoiji.swift */,
				AB577B642B2046BF008A344B /* Main.storyboard */,
				AB577B672B2046BF008A344B /* Assets.xcassets */,
				AB577B692B2046BF008A344B /* LaunchScreen.storyboard */,
				AB577B6C2B2046BF008A344B /* Info.plist */,
			);
			path = 05_TableView;
			sourceTree = "<group>";
		};
/* End PBXGroup section */

/* Begin PBXNativeTarget section */
		AB577B5A2B2046BF008A344B /* 05_TableView */ = {
			isa = PBXNativeTarget;
			buildConfigurationList = AB577B6F2B2046BF008A344B /* Build configuration list for PBXNativeTarget "05_TableView" */;
			buildPhases = (
				AB577B572B2046BF008A344B /* Sources */,
				AB577B582B2046BF008A344B /* Frameworks */,
				AB577B592B2046BF008A344B /* Resources */,
			);
			buildRules = (
			);
			dependencies = (
			);
			name = 05_TableView;
			productName = 05_TableView;
			productReference = AB577B5B2B2046BF008A344B /* 05_TableView.app */;
			productType = "com.apple.product-type.application";
		};
/* End PBXNativeTarget section */

/* Begin PBXProject section */
		AB577B532B2046BF008A344B /* Project object */ = {
			isa = PBXProject;
			attributes = {
				BuildIndependentTargetsInParallel = 1;
				LastSwiftUpdateCheck = 1420;
				LastUpgradeCheck = 1420;
				TargetAttributes = {
					AB577B5A2B2046BF008A344B = {
						CreatedOnToolsVersion = 14.2;
					};
				};
			};
			buildConfigurationList = AB577B562B2046BF008A344B /* Build configuration list for PBXProject "05_TableView" */;
			compatibilityVersion = "Xcode 14.0";
			developmentRegion = en;
			hasScannedForEncodings = 0;
			knownRegions = (
				en,
				Base,
			);
			mainGroup = AB577B522B2046BF008A344B;
			productRefGroup = AB577B5C2B2046BF008A344B /* Products */;
			projectDirPath = "";
			projectRoot = "";
			targets = (
				AB577B5A2B2046BF008A344B /* 05_TableView */,
			);
		};
/* End PBXProject section */

/* Begin PBXResourcesBuildPhase section */
		AB577B592B2046BF008A344B /* Resources */ = {
			isa = PBXResourcesBuildPhase;
			buildActionMask = 2147483647;
			files = (
				AB577B6B2B2046BF008A344B /* LaunchScreen.storyboard in Resources */,
				AB577B682B2046BF008A344B /* Assets.xcassets in Resources */,
				AB577B662B2046BF008A344B /* Main.storyboard in Resources */,
			);
			runOnlyForDeploymentPostprocessing = 0;
		};
/* End PBXResourcesBuildPhase section */

/* Begin PBXSourcesBuildPhase section */
		AB577B572B2046BF008A344B /* Sources */ = {
			isa = PBXSourcesBuildPhase;
			buildActionMask = 2147483647;
			files = (
				AB577B752B20491D008A344B /* EmoijiTableViewController.swift in Sources */,
				AB577B732B2046E8008A344B /* Emoiji.swift in Sources */,
				AB577B632B2046BF008A344B /* ViewController.swift in Sources */,
				AB577B5F2B2046BF008A344B /* AppDelegate.swift in Sources */,
				ABD2D15A2B2062820074743F /* EmojiTableViewCell.swift in Sources */,
				ABD2D15C2B20722A0074743F /* AddEditEmojiTableViewController.swift in Sources */,
				AB577B612B2046BF008A344B /* SceneDelegate.swift in Sources */,
			);
			runOnlyForDeploymentPostprocessing = 0;
		};
/* End PBXSourcesBuildPhase section */

/* Begin PBXVariantGroup section */
		AB577B642B2046BF008A344B /* Main.storyboard */ = {
			isa = PBXVariantGroup;
			children = (
				AB577B652B2046BF008A344B /* Base */,
			);
			name = Main.storyboard;
			sourceTree = "<group>";
		};
		AB577B692B2046BF008A344B /* LaunchScreen.storyboard */ = {
			isa = PBXVariantGroup;
			children = (
				AB577B6A2B2046BF008A344B /* Base */,
			);
			name = LaunchScreen.storyboard;
			sourceTree = "<group>";
		};
/* End PBXVariantGroup section */

/* Begin XCBuildConfiguration section */
		AB577B6D2B2046BF008A344B /* Debug */ = {
			isa = XCBuildConfiguration;
			buildSettings = {
				ALWAYS_SEARCH_USER_PATHS = NO;
				CLANG_ANALYZER_NONNULL = YES;
				CLANG_ANALYZER_NUMBER_OBJECT_CONVERSION = YES_AGGRESSIVE;
				CLANG_CXX_LANGUAGE_STANDARD = "gnu++20";
				CLANG_ENABLE_MODULES = YES;
				CLANG_ENABLE_OBJC_ARC = YES;
				CLANG_ENABLE_OBJC_WEAK = YES;
				CLANG_WARN_BLOCK_CAPTURE_AUTORELEASING = YES;
				CLANG_WARN_BOOL_CONVERSION = YES;
				CLANG_WARN_COMMA = YES;
				CLANG_WARN_CONSTANT_CONVERSION = YES;
				CLANG_WARN_DEPRECATED_OBJC_IMPLEMENTATIONS = YES;
				CLANG_WARN_DIRECT_OBJC_ISA_USAGE = YES_ERROR;
				CLANG_WARN_DOCUMENTATION_COMMENTS = YES;
				CLANG_WARN_EMPTY_BODY = YES;
				CLANG_WARN_ENUM_CONVERSION = YES;
				CLANG_WARN_INFINITE_RECURSION = YES;
				CLANG_WARN_INT_CONVERSION = YES;
				CLANG_WARN_NON_LITERAL_NULL_CONVERSION = YES;
				CLANG_WARN_OBJC_IMPLICIT_RETAIN_SELF = YES;
				CLANG_WARN_OBJC_LITERAL_CONVERSION = YES;
				CLANG_WARN_OBJC_ROOT_CLASS = YES_ERROR;
				CLANG_WARN_QUOTED_INCLUDE_IN_FRAMEWORK_HEADER = YES;
				CLANG_WARN_RANGE_LOOP_ANALYSIS = YES;
				CLANG_WARN_STRICT_PROTOTYPES = YES;
				CLANG_WARN_SUSPICIOUS_MOVE = YES;
				CLANG_WARN_UNGUARDED_AVAILABILITY = YES_AGGRESSIVE;
				CLANG_WARN_UNREACHABLE_CODE = YES;
				CLANG_WARN__DUPLICATE_METHOD_MATCH = YES;
				COPY_PHASE_STRIP = NO;
				DEBUG_INFORMATION_FORMAT = dwarf;
				ENABLE_STRICT_OBJC_MSGSEND = YES;
				ENABLE_TESTABILITY = YES;
				GCC_C_LANGUAGE_STANDARD = gnu11;
				GCC_DYNAMIC_NO_PIC = NO;
				GCC_NO_COMMON_BLOCKS = YES;
				GCC_OPTIMIZATION_LEVEL = 0;
				GCC_PREPROCESSOR_DEFINITIONS = (
					"DEBUG=1",
					"$(inherited)",
				);
				GCC_WARN_64_TO_32_BIT_CONVERSION = YES;
				GCC_WARN_ABOUT_RETURN_TYPE = YES_ERROR;
				GCC_WARN_UNDECLARED_SELECTOR = YES;
				GCC_WARN_UNINITIALIZED_AUTOS = YES_AGGRESSIVE;
				GCC_WARN_UNUSED_FUNCTION = YES;
				GCC_WARN_UNUSED_VARIABLE = YES;
				IPHONEOS_DEPLOYMENT_TARGET = 16.2;
				MTL_ENABLE_DEBUG_INFO = INCLUDE_SOURCE;
				MTL_FAST_MATH = YES;
				ONLY_ACTIVE_ARCH = YES;
				SDKROOT = iphoneos;
				SWIFT_ACTIVE_COMPILATION_CONDITIONS = DEBUG;
				SWIFT_OPTIMIZATION_LEVEL = "-Onone";
			};
			name = Debug;
		};
		AB577B6E2B2046BF008A344B /* Release */ = {
			isa = XCBuildConfiguration;
			buildSettings = {
				ALWAYS_SEARCH_USER_PATHS = NO;
				CLANG_ANALYZER_NONNULL = YES;
				CLANG_ANALYZER_NUMBER_OBJECT_CONVERSION = YES_AGGRESSIVE;
				CLANG_CXX_LANGUAGE_STANDARD = "gnu++20";
				CLANG_ENABLE_MODULES = YES;
				CLANG_ENABLE_OBJC_ARC = YES;
				CLANG_ENABLE_OBJC_WEAK = YES;
				CLANG_WARN_BLOCK_CAPTURE_AUTORELEASING = YES;
				CLANG_WARN_BOOL_CONVERSION = YES;
				CLANG_WARN_COMMA = YES;
				CLANG_WARN_CONSTANT_CONVERSION = YES;
				CLANG_WARN_DEPRECATED_OBJC_IMPLEMENTATIONS = YES;
				CLANG_WARN_DIRECT_OBJC_ISA_USAGE = YES_ERROR;
				CLANG_WARN_DOCUMENTATION_COMMENTS = YES;
				CLANG_WARN_EMPTY_BODY = YES;
				CLANG_WARN_ENUM_CONVERSION = YES;
				CLANG_WARN_INFINITE_RECURSION = YES;
				CLANG_WARN_INT_CONVERSION = YES;
				CLANG_WARN_NON_LITERAL_NULL_CONVERSION = YES;
				CLANG_WARN_OBJC_IMPLICIT_RETAIN_SELF = YES;
				CLANG_WARN_OBJC_LITERAL_CONVERSION = YES;
				CLANG_WARN_OBJC_ROOT_CLASS = YES_ERROR;
				CLANG_WARN_QUOTED_INCLUDE_IN_FRAMEWORK_HEADER = YES;
				CLANG_WARN_RANGE_LOOP_ANALYSIS = YES;
				CLANG_WARN_STRICT_PROTOTYPES = YES;
				CLANG_WARN_SUSPICIOUS_MOVE = YES;
				CLANG_WARN_UNGUARDED_AVAILABILITY = YES_AGGRESSIVE;
				CLANG_WARN_UNREACHABLE_CODE = YES;
				CLANG_WARN__DUPLICATE_METHOD_MATCH = YES;
				COPY_PHASE_STRIP = NO;
				DEBUG_INFORMATION_FORMAT = "dwarf-with-dsym";
				ENABLE_NS_ASSERTIONS = NO;
				ENABLE_STRICT_OBJC_MSGSEND = YES;
				GCC_C_LANGUAGE_STANDARD = gnu11;
				GCC_NO_COMMON_BLOCKS = YES;
				GCC_WARN_64_TO_32_BIT_CONVERSION = YES;
				GCC_WARN_ABOUT_RETURN_TYPE = YES_ERROR;
				GCC_WARN_UNDECLARED_SELECTOR = YES;
				GCC_WARN_UNINITIALIZED_AUTOS = YES_AGGRESSIVE;
				GCC_WARN_UNUSED_FUNCTION = YES;
				GCC_WARN_UNUSED_VARIABLE = YES;
				IPHONEOS_DEPLOYMENT_TARGET = 16.2;
				MTL_ENABLE_DEBUG_INFO = NO;
				MTL_FAST_MATH = YES;
				SDKROOT = iphoneos;
				SWIFT_COMPILATION_MODE = wholemodule;
				SWIFT_OPTIMIZATION_LEVEL = "-O";
				VALIDATE_PRODUCT = YES;
			};
			name = Release;
		};
		AB577B702B2046BF008A344B /* Debug */ = {
			isa = XCBuildConfiguration;
			buildSettings = {
				ASSETCATALOG_COMPILER_APPICON_NAME = AppIcon;
				ASSETCATALOG_COMPILER_GLOBAL_ACCENT_COLOR_NAME = AccentColor;
				CODE_SIGN_STYLE = Automatic;
				CURRENT_PROJECT_VERSION = 1;
				GENERATE_INFOPLIST_FILE = YES;
				INFOPLIST_FILE = 05_TableView/Info.plist;
				INFOPLIST_KEY_UIApplicationSupportsIndirectInputEvents = YES;
				INFOPLIST_KEY_UILaunchStoryboardName = LaunchScreen;
				INFOPLIST_KEY_UIMainStoryboardFile = Main;
				INFOPLIST_KEY_UISupportedInterfaceOrientations_iPad = "UIInterfaceOrientationPortrait UIInterfaceOrientationPortraitUpsideDown UIInterfaceOrientationLandscapeLeft UIInterfaceOrientationLandscapeRight";
				INFOPLIST_KEY_UISupportedInterfaceOrientations_iPhone = "UIInterfaceOrientationPortrait UIInterfaceOrientationLandscapeLeft UIInterfaceOrientationLandscapeRight";
				LD_RUNPATH_SEARCH_PATHS = (
					"$(inherited)",
					"@executable_path/Frameworks",
				);
				MARKETING_VERSION = 1.0;
				PRODUCT_BUNDLE_IDENTIFIER = "kr.co.test.-5-TableView";
				PRODUCT_NAME = "$(TARGET_NAME)";
				SWIFT_EMIT_LOC_STRINGS = YES;
				SWIFT_VERSION = 5.0;
				TARGETED_DEVICE_FAMILY = "1,2";
			};
			name = Debug;
		};
		AB577B712B2046BF008A344B /* Release */ = {
			isa = XCBuildConfiguration;
			buildSettings = {
				ASSETCATALOG_COMPILER_APPICON_NAME = AppIcon;
				ASSETCATALOG_COMPILER_GLOBAL_ACCENT_COLOR_NAME = AccentColor;
				CODE_SIGN_STYLE = Automatic;
				CURRENT_PROJECT_VERSION = 1;
				GENERATE_INFOPLIST_FILE = YES;
				INFOPLIST_FILE = 05_TableView/Info.plist;
				INFOPLIST_KEY_UIApplicationSupportsIndirectInputEvents = YES;
				INFOPLIST_KEY_UILaunchStoryboardName = LaunchScreen;
				INFOPLIST_KEY_UIMainStoryboardFile = Main;
				INFOPLIST_KEY_UISupportedInterfaceOrientations_iPad = "UIInterfaceOrientationPortrait UIInterfaceOrientationPortraitUpsideDown UIInterfaceOrientationLandscapeLeft UIInterfaceOrientationLandscapeRight";
				INFOPLIST_KEY_UISupportedInterfaceOrientations_iPhone = "UIInterfaceOrientationPortrait UIInterfaceOrientationLandscapeLeft UIInterfaceOrientationLandscapeRight";
				LD_RUNPATH_SEARCH_PATHS = (
					"$(inherited)",
					"@executable_path/Frameworks",
				);
				MARKETING_VERSION = 1.0;
				PRODUCT_BUNDLE_IDENTIFIER = "kr.co.test.-5-TableView";
				PRODUCT_NAME = "$(TARGET_NAME)";
				SWIFT_EMIT_LOC_STRINGS = YES;
				SWIFT_VERSION = 5.0;
				TARGETED_DEVICE_FAMILY = "1,2";
			};
			name = Release;
		};
/* End XCBuildConfiguration section */

/* Begin XCConfigurationList section */
		AB577B562B2046BF008A344B /* Build configuration list for PBXProject "05_TableView" */ = {
			isa = XCConfigurationList;
			buildConfigurations = (
				AB577B6D2B2046BF008A344B /* Debug */,
				AB577B6E2B2046BF008A344B /* Release */,
			);
			defaultConfigurationIsVisible = 0;
			defaultConfigurationName = Release;
		};
		AB577B6F2B2046BF008A344B /* Build configuration list for PBXNativeTarget "05_TableView" */ = {
			isa = XCConfigurationList;
			buildConfigurations = (
				AB577B702B2046BF008A344B /* Debug */,
				AB577B712B2046BF008A344B /* Release */,
			);
			defaultConfigurationIsVisible = 0;
			defaultConfigurationName = Release;
		};
/* End XCConfigurationList section */
	};
	rootObject = AB577B532B2046BF008A344B /* Project object */;
}
